{
  "nodes": {
    "flakeNimbleLib": {
      "inputs": {
        "nixpkgs": [
          "nixpkgs"
        ]
      },
      "locked": {
        "lastModified": 1662018438,
        "narHash": "sha256-QtNtU6+LX3Wokxf0zlFwKTFOcn6TeDjKQZ+DA9OYtvM=",
        "owner": "riinr",
        "repo": "nim-flakes-lib",
        "rev": "b1fe8340736e3a85d25c709ac3dfd82a55c03cbf",
        "type": "github"
      },
      "original": {
        "owner": "riinr",
        "ref": "master",
        "repo": "nim-flakes-lib",
        "type": "github"
      }
    },
    "laser-master": {
      "inputs": {
        "flakeNimbleLib": [
          "flakeNimbleLib"
        ],
        "nixpkgs": [
          "nixpkgs"
        ],
        "src-Laser-master": "src-Laser-master"
      },
      "locked": {
        "dir": "master",
        "lastModified": 1667322380,
        "narHash": "sha256-eo7wW7csnq9re6D4rY+N6C67/Mps5BemgNuTnBt7yd0=",
        "owner": "nim-nix-pkgs",
        "repo": "laser",
        "rev": "ddc522cd4d99b36cf296e1d3828c750a2dc2e2fa",
        "type": "github"
      },
      "original": {
        "dir": "master",
        "owner": "nim-nix-pkgs",
        "ref": "master",
        "repo": "laser",
        "type": "github"
      }
    },
    "nixpkgs": {
      "locked": {
        "lastModified": 1667199707,
        "narHash": "sha256-I2Js3Y7gUyVSEXPULHlBoRek4Lh85vnevdS6mdvDNLI=",
        "owner": "NixOS",
        "repo": "nixpkgs",
        "rev": "ced197be72099edcfa68ebed8b87af7b04851f45",
        "type": "github"
      },
      "original": {
        "id": "nixpkgs",
        "type": "indirect"
      }
    },
    "root": {
      "inputs": {
        "flakeNimbleLib": "flakeNimbleLib",
        "laser-master": "laser-master",
        "nixpkgs": "nixpkgs"
      }
    },
    "src-Laser-master": {
      "flake": false,
      "locked": {
        "lastModified": 1614372863,
        "narHash": "sha256-A2XP60Nlvg7IPCikpM3L/8gpLLKGlx8sLRguMEEH1B8=",
        "owner": "numforge",
        "repo": "laser",
        "rev": "e23b5d63f58441968188fb95e16862d1498bb845",
        "type": "github"
      },
      "original": {
        "owner": "numforge",
        "ref": "refs/heads/master",
        "repo": "laser",
        "type": "github"
      }
    }
  },
  "root": "root",
  "version": 7
}
